
Microsoft Visual Studio Solution File, Format Version 12.00
# Visual Studio 15
VisualStudioVersion = 15.0.27428.1
MinimumVisualStudioVersion = 10.0.40219.1
Project("{FAE04EC0-301F-11D3-BF4B-00C04F79EFBC}") = "The adventure(game)", "The adventure(game)\The adventure(game).csproj", "{07167617-28C6-402E-9970-0D4AAFFDC9DD}"
EndProject
Global
	GlobalSection(SolutionConfigurationPlatforms) = preSolution
		Debug|Any CPU = Debug|Any CPU
		Release|Any CPU = Release|Any CPU
	EndGlobalSection
	GlobalSection(ProjectConfigurationPlatforms) = postSolution
		{07167617-28C6-402E-9970-0D4AAFFDC9DD}.Debug|Any CPU.ActiveCfg = Debug|Any CPU
		{07167617-28C6-402E-9970-0D4AAFFDC9DD}.Debug|Any CPU.Build.0 = Debug|Any CPU
		{07167617-28C6-402E-9970-0D4AAFFDC9DD}.Release|Any CPU.ActiveCfg = Release|Any CPU
		{07167617-28C6-402E-9970-0D4AAFFDC9DD}.Release|Any CPU.Build.0 = Release|Any CPU
	EndGlobalSection
	GlobalSection(SolutionProperties) = preSolution
		HideSolutionNode = FALSE
	EndGlobalSection
	GlobalSection(ExtensibilityGlobals) = postSolution
		SolutionGuid = {B48C3923-3C50-4CAB-8A82-2CC509B500C7}
	EndGlobalSection
EndGlobal
